
Microsoft Visual Studio Solution File, Format Version 12.00
# Visual Studio Version 17
VisualStudioVersion = 17.11.35312.102
MinimumVisualStudioVersion = 10.0.40219.1
Project("{FAE04EC0-301F-11D3-BF4B-00C04F79EFBC}") = "Lab7_Bicycles", "Lab7_Bicycles\Lab7_Bicycles.csproj", "{1D85FFD1-1CCB-4286-A18C-0FD77A88A82B}"
EndProject
Global
	GlobalSection(SolutionConfigurationPlatforms) = preSolution
		Debug|Any CPU = Debug|Any CPU
		Release|Any CPU = Release|Any CPU
	EndGlobalSection
	GlobalSection(ProjectConfigurationPlatforms) = postSolution
		{1D85FFD1-1CCB-4286-A18C-0FD77A88A82B}.Debug|Any CPU.ActiveCfg = Debug|Any CPU
		{1D85FFD1-1CCB-4286-A18C-0FD77A88A82B}.Debug|Any CPU.Build.0 = Debug|Any CPU
		{1D85FFD1-1CCB-4286-A18C-0FD77A88A82B}.Release|Any CPU.ActiveCfg = Release|Any CPU
		{1D85FFD1-1CCB-4286-A18C-0FD77A88A82B}.Release|Any CPU.Build.0 = Release|Any CPU
	EndGlobalSection
	GlobalSection(SolutionProperties) = preSolution
		HideSolutionNode = FALSE
	EndGlobalSection
	GlobalSection(ExtensibilityGlobals) = postSolution
		SolutionGuid = {04BEE9BD-E784-4825-A56D-4CA039B7B57C}
	EndGlobalSection
EndGlobal
